
Microsoft Visual Studio Solution File, Format Version 12.00
# Visual Studio Version 17
VisualStudioVersion = 17.6.33723.286
MinimumVisualStudioVersion = 10.0.40219.1
Project("{FAE04EC0-301F-11D3-BF4B-00C04F79EFBC}") = "Calculator App", "Calculator App\Calculator App.csproj", "{8343996C-DB68-4F34-A4F7-6C622AC36A0B}"
EndProject
Global
	GlobalSection(SolutionConfigurationPlatforms) = preSolution
		Debug|Any CPU = Debug|Any CPU
		Release|Any CPU = Release|Any CPU
	EndGlobalSection
	GlobalSection(ProjectConfigurationPlatforms) = postSolution
		{8343996C-DB68-4F34-A4F7-6C622AC36A0B}.Debug|Any CPU.ActiveCfg = Debug|Any CPU
		{8343996C-DB68-4F34-A4F7-6C622AC36A0B}.Debug|Any CPU.Build.0 = Debug|Any CPU
		{8343996C-DB68-4F34-A4F7-6C622AC36A0B}.Release|Any CPU.ActiveCfg = Release|Any CPU
		{8343996C-DB68-4F34-A4F7-6C622AC36A0B}.Release|Any CPU.Build.0 = Release|Any CPU
	EndGlobalSection
	GlobalSection(SolutionProperties) = preSolution
		HideSolutionNode = FALSE
	EndGlobalSection
	GlobalSection(ExtensibilityGlobals) = postSolution
		SolutionGuid = {2038A105-6944-4E92-854B-F76263F1A751}
	EndGlobalSection
EndGlobal
